
Microsoft Visual Studio Solution File, Format Version 12.00
# Visual Studio 2013
VisualStudioVersion = 12.0.40629.0
MinimumVisualStudioVersion = 10.0.40219.1
Project("{FAE04EC0-301F-11D3-BF4B-00C04F79EFBC}") = "Model", "Model\Model.csproj", "{273DCA38-F6A5-4F2A-A5D7-E7B4B8FEC0DA}"
EndProject
Project("{FAE04EC0-301F-11D3-BF4B-00C04F79EFBC}") = "ListaCarro", "ListaCarro\ListaCarro.csproj", "{92F84068-008D-4D5E-A512-D4D8C6AB8918}"
EndProject
Global
	GlobalSection(SolutionConfigurationPlatforms) = preSolution
		Debug|Any CPU = Debug|Any CPU
		Release|Any CPU = Release|Any CPU
	EndGlobalSection
	GlobalSection(ProjectConfigurationPlatforms) = postSolution
		{273DCA38-F6A5-4F2A-A5D7-E7B4B8FEC0DA}.Debug|Any CPU.ActiveCfg = Debug|Any CPU
		{273DCA38-F6A5-4F2A-A5D7-E7B4B8FEC0DA}.Debug|Any CPU.Build.0 = Debug|Any CPU
		{273DCA38-F6A5-4F2A-A5D7-E7B4B8FEC0DA}.Release|Any CPU.ActiveCfg = Release|Any CPU
		{273DCA38-F6A5-4F2A-A5D7-E7B4B8FEC0DA}.Release|Any CPU.Build.0 = Release|Any CPU
		{92F84068-008D-4D5E-A512-D4D8C6AB8918}.Debug|Any CPU.ActiveCfg = Debug|Any CPU
		{92F84068-008D-4D5E-A512-D4D8C6AB8918}.Debug|Any CPU.Build.0 = Debug|Any CPU
		{92F84068-008D-4D5E-A512-D4D8C6AB8918}.Release|Any CPU.ActiveCfg = Release|Any CPU
		{92F84068-008D-4D5E-A512-D4D8C6AB8918}.Release|Any CPU.Build.0 = Release|Any CPU
	EndGlobalSection
	GlobalSection(SolutionProperties) = preSolution
		HideSolutionNode = FALSE
	EndGlobalSection
EndGlobal
