
Microsoft Visual Studio Solution File, Format Version 12.00
# Visual Studio 2013
VisualStudioVersion = 12.0.40629.0
MinimumVisualStudioVersion = 10.0.40219.1
Project("{FAE04EC0-301F-11D3-BF4B-00C04F79EFBC}") = "Model", "Model\Model.csproj", "{1FBF920E-65D4-4FA8-9270-D0DF117D7CDA}"
EndProject
Project("{FAE04EC0-301F-11D3-BF4B-00C04F79EFBC}") = "WFA", "WFA\WFA.csproj", "{5A0866C6-7A5E-46E6-9925-656D7BEE34ED}"
EndProject
Global
	GlobalSection(SolutionConfigurationPlatforms) = preSolution
		Debug|Any CPU = Debug|Any CPU
		Release|Any CPU = Release|Any CPU
	EndGlobalSection
	GlobalSection(ProjectConfigurationPlatforms) = postSolution
		{1FBF920E-65D4-4FA8-9270-D0DF117D7CDA}.Debug|Any CPU.ActiveCfg = Debug|Any CPU
		{1FBF920E-65D4-4FA8-9270-D0DF117D7CDA}.Debug|Any CPU.Build.0 = Debug|Any CPU
		{1FBF920E-65D4-4FA8-9270-D0DF117D7CDA}.Release|Any CPU.ActiveCfg = Release|Any CPU
		{1FBF920E-65D4-4FA8-9270-D0DF117D7CDA}.Release|Any CPU.Build.0 = Release|Any CPU
		{5A0866C6-7A5E-46E6-9925-656D7BEE34ED}.Debug|Any CPU.ActiveCfg = Debug|Any CPU
		{5A0866C6-7A5E-46E6-9925-656D7BEE34ED}.Debug|Any CPU.Build.0 = Debug|Any CPU
		{5A0866C6-7A5E-46E6-9925-656D7BEE34ED}.Release|Any CPU.ActiveCfg = Release|Any CPU
		{5A0866C6-7A5E-46E6-9925-656D7BEE34ED}.Release|Any CPU.Build.0 = Release|Any CPU
	EndGlobalSection
	GlobalSection(SolutionProperties) = preSolution
		HideSolutionNode = FALSE
	EndGlobalSection
EndGlobal
